
Microsoft Visual Studio Solution File, Format Version 12.00
# Visual Studio Version 16
VisualStudioVersion = 16.0.30225.117
MinimumVisualStudioVersion = 10.0.40219.1
Project("{FAE04EC0-301F-11D3-BF4B-00C04F79EFBC}") = "SingletonPattern", "SingletonPattern.csproj", "{623C1BD8-2A04-4579-A70B-8712631285C6}"
EndProject
Global
	GlobalSection(SolutionConfigurationPlatforms) = preSolution
		Debug|Any CPU = Debug|Any CPU
		Release|Any CPU = Release|Any CPU
	EndGlobalSection
	GlobalSection(ProjectConfigurationPlatforms) = postSolution
		{623C1BD8-2A04-4579-A70B-8712631285C6}.Debug|Any CPU.ActiveCfg = Debug|Any CPU
		{623C1BD8-2A04-4579-A70B-8712631285C6}.Debug|Any CPU.Build.0 = Debug|Any CPU
		{623C1BD8-2A04-4579-A70B-8712631285C6}.Release|Any CPU.ActiveCfg = Release|Any CPU
		{623C1BD8-2A04-4579-A70B-8712631285C6}.Release|Any CPU.Build.0 = Release|Any CPU
	EndGlobalSection
	GlobalSection(SolutionProperties) = preSolution
		HideSolutionNode = FALSE
	EndGlobalSection
	GlobalSection(ExtensibilityGlobals) = postSolution
		SolutionGuid = {19B099BF-87D2-46DC-9933-831AF64C0FC1}
	EndGlobalSection
EndGlobal
